
Microsoft Visual Studio Solution File, Format Version 12.00
# Visual Studio Version 17
VisualStudioVersion = 17.5.002.0
MinimumVisualStudioVersion = 10.0.40219.1
Project("{9A19103F-16F7-4668-BE54-9A1E7A4F7556}") = "Tracker", "Tracker\Tracker.csproj", "{99A1C4FB-8662-4DE7-BD8D-D9449BEEC65A}"
EndProject
Project("{9A19103F-16F7-4668-BE54-9A1E7A4F7556}") = "Tracker.Tests", "Tracker.Tests\Tracker.Tests.csproj", "{D1D3590C-7A27-4739-A545-149E35E203DC}"
EndProject
Global
	GlobalSection(SolutionConfigurationPlatforms) = preSolution
		Debug|Any CPU = Debug|Any CPU
		Release|Any CPU = Release|Any CPU
	EndGlobalSection
	GlobalSection(ProjectConfigurationPlatforms) = postSolution
		{99A1C4FB-8662-4DE7-BD8D-D9449BEEC65A}.Debug|Any CPU.ActiveCfg = Debug|Any CPU
		{99A1C4FB-8662-4DE7-BD8D-D9449BEEC65A}.Debug|Any CPU.Build.0 = Debug|Any CPU
		{99A1C4FB-8662-4DE7-BD8D-D9449BEEC65A}.Release|Any CPU.ActiveCfg = Release|Any CPU
		{99A1C4FB-8662-4DE7-BD8D-D9449BEEC65A}.Release|Any CPU.Build.0 = Release|Any CPU
		{D1D3590C-7A27-4739-A545-149E35E203DC}.Debug|Any CPU.ActiveCfg = Debug|Any CPU
		{D1D3590C-7A27-4739-A545-149E35E203DC}.Debug|Any CPU.Build.0 = Debug|Any CPU
		{D1D3590C-7A27-4739-A545-149E35E203DC}.Release|Any CPU.ActiveCfg = Release|Any CPU
		{D1D3590C-7A27-4739-A545-149E35E203DC}.Release|Any CPU.Build.0 = Release|Any CPU
	EndGlobalSection
	GlobalSection(SolutionProperties) = preSolution
		HideSolutionNode = FALSE
	EndGlobalSection
	GlobalSection(ExtensibilityGlobals) = postSolution
		SolutionGuid = {EEC11590-7C47-42C6-987D-F885BF32A94A}
	EndGlobalSection
EndGlobal
